
Microsoft Visual Studio Solution File, Format Version 12.00
# Visual Studio Version 17
VisualStudioVersion = 17.3.32922.545
MinimumVisualStudioVersion = 10.0.40219.1
Project("{FAE04EC0-301F-11D3-BF4B-00C04F79EFBC}") = "DataAPI", "DataAPI.csproj", "{B87C9410-4E26-450C-9E2E-0F46B67DBD72}"
EndProject
Global
	GlobalSection(SolutionConfigurationPlatforms) = preSolution
		Debug|Any CPU = Debug|Any CPU
		Release|Any CPU = Release|Any CPU
	EndGlobalSection
	GlobalSection(ProjectConfigurationPlatforms) = postSolution
		{B87C9410-4E26-450C-9E2E-0F46B67DBD72}.Debug|Any CPU.ActiveCfg = Debug|Any CPU
		{B87C9410-4E26-450C-9E2E-0F46B67DBD72}.Debug|Any CPU.Build.0 = Debug|Any CPU
		{B87C9410-4E26-450C-9E2E-0F46B67DBD72}.Release|Any CPU.ActiveCfg = Release|Any CPU
		{B87C9410-4E26-450C-9E2E-0F46B67DBD72}.Release|Any CPU.Build.0 = Release|Any CPU
	EndGlobalSection
	GlobalSection(SolutionProperties) = preSolution
		HideSolutionNode = FALSE
	EndGlobalSection
	GlobalSection(ExtensibilityGlobals) = postSolution
		SolutionGuid = {AADEC5AB-A493-4FB8-AD33-DC2997FCAEA5}
	EndGlobalSection
EndGlobal
